
Microsoft Visual Studio Solution File, Format Version 12.00
# Visual Studio 14
VisualStudioVersion = 14.0.25420.1
MinimumVisualStudioVersion = 10.0.40219.1
Project("{8BC9CEB8-8B4A-11D0-8D11-00A0C91BC942}") = "CSSO tema12", "CSSO tema12\CSSO tema12.vcxproj", "{0EC44E0B-66F1-4C55-806C-5757B9DFA885}"
EndProject
Project("{8BC9CEB8-8B4A-11D0-8D11-00A0C91BC942}") = "CSSO tema34", "CSSO tema34\CSSO tema34.vcxproj", "{2C4DB09A-0BB9-4EB8-BD6D-265315F76FB9}"
EndProject
Project("{8BC9CEB8-8B4A-11D0-8D11-00A0C91BC942}") = "CSSO tema34 part2", "CSSO tema34 part2\CSSO tema34 part2.vcxproj", "{5323CE46-D403-444D-B13C-C7BD207AA240}"
EndProject
Project("{8BC9CEB8-8B4A-11D0-8D11-00A0C91BC942}") = "CSSO tema56", "CSSO tema56\CSSO tema56.vcxproj", "{D26CDD0B-ADF0-47A5-9C9D-2B5BB5BE18AC}"
EndProject
Project("{8BC9CEB8-8B4A-11D0-8D11-00A0C91BC942}") = "CSSO tema56 part2", "CSSO tema56 part2\CSSO tema56 part2.vcxproj", "{35B1A244-F8FC-4802-A35A-B2EF3689EF8A}"
EndProject
Project("{8BC9CEB8-8B4A-11D0-8D11-00A0C91BC942}") = "Wininet", "Wininet\Wininet.vcxproj", "{E77CBFA8-B4E4-422D-B696-27A00E88878E}"
EndProject
Global
	GlobalSection(SolutionConfigurationPlatforms) = preSolution
		Debug|Any CPU = Debug|Any CPU
		Debug|x64 = Debug|x64
		Debug|x86 = Debug|x86
		Release|Any CPU = Release|Any CPU
		Release|x64 = Release|x64
		Release|x86 = Release|x86
	EndGlobalSection
	GlobalSection(ProjectConfigurationPlatforms) = postSolution
		{0EC44E0B-66F1-4C55-806C-5757B9DFA885}.Debug|Any CPU.ActiveCfg = Debug|Win32
		{0EC44E0B-66F1-4C55-806C-5757B9DFA885}.Debug|x64.ActiveCfg = Debug|x64
		{0EC44E0B-66F1-4C55-806C-5757B9DFA885}.Debug|x64.Build.0 = Debug|x64
		{0EC44E0B-66F1-4C55-806C-5757B9DFA885}.Debug|x86.ActiveCfg = Debug|Win32
		{0EC44E0B-66F1-4C55-806C-5757B9DFA885}.Debug|x86.Build.0 = Debug|Win32
		{0EC44E0B-66F1-4C55-806C-5757B9DFA885}.Release|Any CPU.ActiveCfg = Release|Win32
		{0EC44E0B-66F1-4C55-806C-5757B9DFA885}.Release|x64.ActiveCfg = Release|x64
		{0EC44E0B-66F1-4C55-806C-5757B9DFA885}.Release|x64.Build.0 = Release|x64
		{0EC44E0B-66F1-4C55-806C-5757B9DFA885}.Release|x86.ActiveCfg = Release|Win32
		{0EC44E0B-66F1-4C55-806C-5757B9DFA885}.Release|x86.Build.0 = Release|Win32
		{2C4DB09A-0BB9-4EB8-BD6D-265315F76FB9}.Debug|Any CPU.ActiveCfg = Debug|Win32
		{2C4DB09A-0BB9-4EB8-BD6D-265315F76FB9}.Debug|x64.ActiveCfg = Debug|x64
		{2C4DB09A-0BB9-4EB8-BD6D-265315F76FB9}.Debug|x64.Build.0 = Debug|x64
		{2C4DB09A-0BB9-4EB8-BD6D-265315F76FB9}.Debug|x86.ActiveCfg = Debug|Win32
		{2C4DB09A-0BB9-4EB8-BD6D-265315F76FB9}.Debug|x86.Build.0 = Debug|Win32
		{2C4DB09A-0BB9-4EB8-BD6D-265315F76FB9}.Release|Any CPU.ActiveCfg = Release|Win32
		{2C4DB09A-0BB9-4EB8-BD6D-265315F76FB9}.Release|x64.ActiveCfg = Release|x64
		{2C4DB09A-0BB9-4EB8-BD6D-265315F76FB9}.Release|x64.Build.0 = Release|x64
		{2C4DB09A-0BB9-4EB8-BD6D-265315F76FB9}.Release|x86.ActiveCfg = Release|Win32
		{2C4DB09A-0BB9-4EB8-BD6D-265315F76FB9}.Release|x86.Build.0 = Release|Win32
		{5323CE46-D403-444D-B13C-C7BD207AA240}.Debug|Any CPU.ActiveCfg = Debug|Win32
		{5323CE46-D403-444D-B13C-C7BD207AA240}.Debug|x64.ActiveCfg = Debug|x64
		{5323CE46-D403-444D-B13C-C7BD207AA240}.Debug|x64.Build.0 = Debug|x64
		{5323CE46-D403-444D-B13C-C7BD207AA240}.Debug|x86.ActiveCfg = Debug|Win32
		{5323CE46-D403-444D-B13C-C7BD207AA240}.Debug|x86.Build.0 = Debug|Win32
		{5323CE46-D403-444D-B13C-C7BD207AA240}.Release|Any CPU.ActiveCfg = Release|Win32
		{5323CE46-D403-444D-B13C-C7BD207AA240}.Release|x64.ActiveCfg = Release|x64
		{5323CE46-D403-444D-B13C-C7BD207AA240}.Release|x64.Build.0 = Release|x64
		{5323CE46-D403-444D-B13C-C7BD207AA240}.Release|x86.ActiveCfg = Release|Win32
		{5323CE46-D403-444D-B13C-C7BD207AA240}.Release|x86.Build.0 = Release|Win32
		{D26CDD0B-ADF0-47A5-9C9D-2B5BB5BE18AC}.Debug|Any CPU.ActiveCfg = Debug|Win32
		{D26CDD0B-ADF0-47A5-9C9D-2B5BB5BE18AC}.Debug|x64.ActiveCfg = Debug|x64
		{D26CDD0B-ADF0-47A5-9C9D-2B5BB5BE18AC}.Debug|x64.Build.0 = Debug|x64
		{D26CDD0B-ADF0-47A5-9C9D-2B5BB5BE18AC}.Debug|x86.ActiveCfg = Debug|Win32
		{D26CDD0B-ADF0-47A5-9C9D-2B5BB5BE18AC}.Debug|x86.Build.0 = Debug|Win32
		{D26CDD0B-ADF0-47A5-9C9D-2B5BB5BE18AC}.Release|Any CPU.ActiveCfg = Release|Win32
		{D26CDD0B-ADF0-47A5-9C9D-2B5BB5BE18AC}.Release|x64.ActiveCfg = Release|x64
		{D26CDD0B-ADF0-47A5-9C9D-2B5BB5BE18AC}.Release|x64.Build.0 = Release|x64
		{D26CDD0B-ADF0-47A5-9C9D-2B5BB5BE18AC}.Release|x86.ActiveCfg = Release|Win32
		{D26CDD0B-ADF0-47A5-9C9D-2B5BB5BE18AC}.Release|x86.Build.0 = Release|Win32
		{35B1A244-F8FC-4802-A35A-B2EF3689EF8A}.Debug|Any CPU.ActiveCfg = Debug|Win32
		{35B1A244-F8FC-4802-A35A-B2EF3689EF8A}.Debug|x64.ActiveCfg = Debug|x64
		{35B1A244-F8FC-4802-A35A-B2EF3689EF8A}.Debug|x64.Build.0 = Debug|x64
		{35B1A244-F8FC-4802-A35A-B2EF3689EF8A}.Debug|x86.ActiveCfg = Debug|Win32
		{35B1A244-F8FC-4802-A35A-B2EF3689EF8A}.Debug|x86.Build.0 = Debug|Win32
		{35B1A244-F8FC-4802-A35A-B2EF3689EF8A}.Release|Any CPU.ActiveCfg = Release|Win32
		{35B1A244-F8FC-4802-A35A-B2EF3689EF8A}.Release|x64.ActiveCfg = Release|x64
		{35B1A244-F8FC-4802-A35A-B2EF3689EF8A}.Release|x64.Build.0 = Release|x64
		{35B1A244-F8FC-4802-A35A-B2EF3689EF8A}.Release|x86.ActiveCfg = Release|Win32
		{35B1A244-F8FC-4802-A35A-B2EF3689EF8A}.Release|x86.Build.0 = Release|Win32
		{E77CBFA8-B4E4-422D-B696-27A00E88878E}.Debug|Any CPU.ActiveCfg = Debug|Win32
		{E77CBFA8-B4E4-422D-B696-27A00E88878E}.Debug|x64.ActiveCfg = Debug|x64
		{E77CBFA8-B4E4-422D-B696-27A00E88878E}.Debug|x64.Build.0 = Debug|x64
		{E77CBFA8-B4E4-422D-B696-27A00E88878E}.Debug|x86.ActiveCfg = Debug|Win32
		{E77CBFA8-B4E4-422D-B696-27A00E88878E}.Debug|x86.Build.0 = Debug|Win32
		{E77CBFA8-B4E4-422D-B696-27A00E88878E}.Release|Any CPU.ActiveCfg = Release|Win32
		{E77CBFA8-B4E4-422D-B696-27A00E88878E}.Release|x64.ActiveCfg = Release|x64
		{E77CBFA8-B4E4-422D-B696-27A00E88878E}.Release|x64.Build.0 = Release|x64
		{E77CBFA8-B4E4-422D-B696-27A00E88878E}.Release|x86.ActiveCfg = Release|Win32
		{E77CBFA8-B4E4-422D-B696-27A00E88878E}.Release|x86.Build.0 = Release|Win32
	EndGlobalSection
	GlobalSection(SolutionProperties) = preSolution
		HideSolutionNode = FALSE
	EndGlobalSection
EndGlobal
